// !$*UTF8*$!
{
	archiveVersion = 1;
	classes = {
	};
	objectVersion = 46;
	objects = {

/* Begin PBXBuildFile section */
		51BE15FA1C7C4C5B00090CC9 /* main.m in Sources */ = {isa = PBXBuildFile; fileRef = 51BE15F91C7C4C5B00090CC9 /* main.m */; };
		51BE15FD1C7C4C5B00090CC9 /* AppDelegate.m in Sources */ = {isa = PBXBuildFile; fileRef = 51BE15FC1C7C4C5B00090CC9 /* AppDelegate.m */; };
		51BE16001C7C4C5B00090CC9 /* ViewController.m in Sources */ = {isa = PBXBuildFile; fileRef = 51BE15FF1C7C4C5B00090CC9 /* ViewController.m */; };
		51BE16031C7C4C5B00090CC9 /* Main.storyboard in Resources */ = {isa = PBXBuildFile; fileRef = 51BE16011C7C4C5B00090CC9 /* Main.storyboard */; };
		51BE16051C7C4C5B00090CC9 /* Assets.xcassets in Resources */ = {isa = PBXBuildFile; fileRef = 51BE16041C7C4C5B00090CC9 /* Assets.xcassets */; };
		51BE16081C7C4C5B00090CC9 /* LaunchScreen.storyboard in Resources */ = {isa = PBXBuildFile; fileRef = 51BE16061C7C4C5B00090CC9 /* LaunchScreen.storyboard */; };
		51BE16131C7C4C5C00090CC9 /* HJ_UI_Tools_HJ_UI_Tools_xcodeproj_HJ_UI_ToolsTests_HJ_UI_ToolsTests.m in Sources */ = {isa = PBXBuildFile; fileRef = 51BE16121C7C4C5C00090CC9 /* HJ_UI_Tools_HJ_UI_Tools_xcodeproj_HJ_UI_ToolsTests_HJ_UI_ToolsTests.m */; };
		51BE161E1C7C4C5C00090CC9 /* HJ_UI_Tools_HJ_UI_Tools_xcodeproj_HJ_UI_ToolsTests_HJ_UI_ToolsUITests.m in Sources */ = {isa = PBXBuildFile; fileRef = 51BE161D1C7C4C5C00090CC9 /* HJ_UI_Tools_HJ_UI_Tools_xcodeproj_HJ_UI_ToolsTests_HJ_UI_ToolsUITests.m */; };
/* End PBXBuildFile section */

/* Begin PBXContainerItemProxy section */
		51BE160F1C7C4C5C00090CC9 /* PBXContainerItemProxy */ = {
			isa = PBXContainerItemProxy;
			containerPortal = 51BE15ED1C7C4C5B00090CC9 /* Project object */;
			proxyType = 1;
			remoteGlobalIDString = 51BE15F41C7C4C5B00090CC9;
			remoteInfo = "HJ_UI_Tools HJ_UI_Tools.xcodeproj HJ_UI_ToolsTests HJ_UI_Tools";
		};
		51BE161A1C7C4C5C00090CC9 /* PBXContainerItemProxy */ = {
			isa = PBXContainerItemProxy;
			containerPortal = 51BE15ED1C7C4C5B00090CC9 /* Project object */;
			proxyType = 1;
			remoteGlobalIDString = 51BE15F41C7C4C5B00090CC9;
			remoteInfo = "HJ_UI_Tools HJ_UI_Tools.xcodeproj HJ_UI_ToolsTests HJ_UI_Tools";
		};
/* End PBXContainerItemProxy section */

/* Begin PBXFileReference section */
		51BE15F51C7C4C5B00090CC9 /* HJ_UI_Tools HJ_UI_Tools.xcodeproj HJ_UI_ToolsTests HJ_UI_Tools.app */ = {isa = PBXFileReference; explicitFileType = wrapper.application; includeInIndex = 0; path = "HJ_UI_Tools HJ_UI_Tools.xcodeproj HJ_UI_ToolsTests HJ_UI_Tools.app"; sourceTree = BUILT_PRODUCTS_DIR; };
		51BE15F91C7C4C5B00090CC9 /* main.m */ = {isa = PBXFileReference; lastKnownFileType = sourcecode.c.objc; path = main.m; sourceTree = "<group>"; };
		51BE15FB1C7C4C5B00090CC9 /* AppDelegate.h */ = {isa = PBXFileReference; lastKnownFileType = sourcecode.c.h; path = AppDelegate.h; sourceTree = "<group>"; };
		51BE15FC1C7C4C5B00090CC9 /* AppDelegate.m */ = {isa = PBXFileReference; lastKnownFileType = sourcecode.c.objc; path = AppDelegate.m; sourceTree = "<group>"; };
		51BE15FE1C7C4C5B00090CC9 /* ViewController.h */ = {isa = PBXFileReference; lastKnownFileType = sourcecode.c.h; path = ViewController.h; sourceTree = "<group>"; };
		51BE15FF1C7C4C5B00090CC9 /* ViewController.m */ = {isa = PBXFileReference; lastKnownFileType = sourcecode.c.objc; path = ViewController.m; sourceTree = "<group>"; };
		51BE16021C7C4C5B00090CC9 /* Base */ = {isa = PBXFileReference; lastKnownFileType = file.storyboard; name = Base; path = Base.lproj/Main.storyboard; sourceTree = "<group>"; };
		51BE16041C7C4C5B00090CC9 /* Assets.xcassets */ = {isa = PBXFileReference; lastKnownFileType = folder.assetcatalog; path = Assets.xcassets; sourceTree = "<group>"; };
		51BE16071C7C4C5B00090CC9 /* Base */ = {isa = PBXFileReference; lastKnownFileType = file.storyboard; name = Base; path = Base.lproj/LaunchScreen.storyboard; sourceTree = "<group>"; };
		51BE16091C7C4C5B00090CC9 /* Info.plist */ = {isa = PBXFileReference; lastKnownFileType = text.plist.xml; path = Info.plist; sourceTree = "<group>"; };
		51BE160E1C7C4C5C00090CC9 /* HJ_UI_Tools HJ_UI_Tools.xcodeproj HJ_UI_ToolsTests HJ_UI_ToolsTests.xctest */ = {isa = PBXFileReference; explicitFileType = wrapper.cfbundle; includeInIndex = 0; path = "HJ_UI_Tools HJ_UI_Tools.xcodeproj HJ_UI_ToolsTests HJ_UI_ToolsTests.xctest"; sourceTree = BUILT_PRODUCTS_DIR; };
		51BE16121C7C4C5C00090CC9 /* HJ_UI_Tools_HJ_UI_Tools_xcodeproj_HJ_UI_ToolsTests_HJ_UI_ToolsTests.m */ = {isa = PBXFileReference; lastKnownFileType = sourcecode.c.objc; path = HJ_UI_Tools_HJ_UI_Tools_xcodeproj_HJ_UI_ToolsTests_HJ_UI_ToolsTests.m; sourceTree = "<group>"; };
		51BE16141C7C4C5C00090CC9 /* Info.plist */ = {isa = PBXFileReference; lastKnownFileType = text.plist.xml; path = Info.plist; sourceTree = "<group>"; };
		51BE16191C7C4C5C00090CC9 /* HJ_UI_Tools HJ_UI_Tools.xcodeproj HJ_UI_ToolsTests HJ_UI_ToolsUITests.xctest */ = {isa = PBXFileReference; explicitFileType = wrapper.cfbundle; includeInIndex = 0; path = "HJ_UI_Tools HJ_UI_Tools.xcodeproj HJ_UI_ToolsTests HJ_UI_ToolsUITests.xctest"; sourceTree = BUILT_PRODUCTS_DIR; };
		51BE161D1C7C4C5C00090CC9 /* HJ_UI_Tools_HJ_UI_Tools_xcodeproj_HJ_UI_ToolsTests_HJ_UI_ToolsUITests.m */ = {isa = PBXFileReference; lastKnownFileType = sourcecode.c.objc; path = HJ_UI_Tools_HJ_UI_Tools_xcodeproj_HJ_UI_ToolsTests_HJ_UI_ToolsUITests.m; sourceTree = "<group>"; };
		51BE161F1C7C4C5C00090CC9 /* Info.plist */ = {isa = PBXFileReference; lastKnownFileType = text.plist.xml; path = Info.plist; sourceTree = "<group>"; };
/* End PBXFileReference section */

/* Begin PBXFrameworksBuildPhase section */
		51BE15F21C7C4C5B00090CC9 /* Frameworks */ = {
			isa = PBXFrameworksBuildPhase;
			buildActionMask = 2147483647;
			files = (
			);
			runOnlyForDeploymentPostprocessing = 0;
		};
		51BE160B1C7C4C5C00090CC9 /* Frameworks */ = {
			isa = PBXFrameworksBuildPhase;
			buildActionMask = 2147483647;
			files = (
			);
			runOnlyForDeploymentPostprocessing = 0;
		};
		51BE16161C7C4C5C00090CC9 /* Frameworks */ = {
			isa = PBXFrameworksBuildPhase;
			buildActionMask = 2147483647;
			files = (
			);
			runOnlyForDeploymentPostprocessing = 0;
		};
/* End PBXFrameworksBuildPhase section */

/* Begin PBXGroup section */
		51BE15EC1C7C4C5B00090CC9 = {
			isa = PBXGroup;
			children = (
				51BE15F71C7C4C5B00090CC9 /* HJ_UI_Tools HJ_UI_Tools.xcodeproj HJ_UI_ToolsTests HJ_UI_Tools */,
				51BE16111C7C4C5C00090CC9 /* HJ_UI_Tools HJ_UI_Tools.xcodeproj HJ_UI_ToolsTests HJ_UI_ToolsTests */,
				51BE161C1C7C4C5C00090CC9 /* HJ_UI_Tools HJ_UI_Tools.xcodeproj HJ_UI_ToolsTests HJ_UI_ToolsUITests */,
				51BE15F61C7C4C5B00090CC9 /* Products */,
			);
			sourceTree = "<group>";
		};
		51BE15F61C7C4C5B00090CC9 /* Products */ = {
			isa = PBXGroup;
			children = (
				51BE15F51C7C4C5B00090CC9 /* HJ_UI_Tools HJ_UI_Tools.xcodeproj HJ_UI_ToolsTests HJ_UI_Tools.app */,
				51BE160E1C7C4C5C00090CC9 /* HJ_UI_Tools HJ_UI_Tools.xcodeproj HJ_UI_ToolsTests HJ_UI_ToolsTests.xctest */,
				51BE16191C7C4C5C00090CC9 /* HJ_UI_Tools HJ_UI_Tools.xcodeproj HJ_UI_ToolsTests HJ_UI_ToolsUITests.xctest */,
			);
			name = Products;
			sourceTree = "<group>";
		};
		51BE15F71C7C4C5B00090CC9 /* HJ_UI_Tools HJ_UI_Tools.xcodeproj HJ_UI_ToolsTests HJ_UI_Tools */ = {
			isa = PBXGroup;
			children = (
				51BE15FB1C7C4C5B00090CC9 /* AppDelegate.h */,
				51BE15FC1C7C4C5B00090CC9 /* AppDelegate.m */,
				51BE15FE1C7C4C5B00090CC9 /* ViewController.h */,
				51BE15FF1C7C4C5B00090CC9 /* ViewController.m */,
				51BE16011C7C4C5B00090CC9 /* Main.storyboard */,
				51BE16041C7C4C5B00090CC9 /* Assets.xcassets */,
				51BE16061C7C4C5B00090CC9 /* LaunchScreen.storyboard */,
				51BE16091C7C4C5B00090CC9 /* Info.plist */,
				51BE15F81C7C4C5B00090CC9 /* Supporting Files */,
			);
			path = "HJ_UI_Tools HJ_UI_Tools.xcodeproj HJ_UI_ToolsTests HJ_UI_Tools";
			sourceTree = "<group>";
		};
		51BE15F81C7C4C5B00090CC9 /* Supporting Files */ = {
			isa = PBXGroup;
			children = (
				51BE15F91C7C4C5B00090CC9 /* main.m */,
			);
			name = "Supporting Files";
			sourceTree = "<group>";
		};
		51BE16111C7C4C5C00090CC9 /* HJ_UI_Tools HJ_UI_Tools.xcodeproj HJ_UI_ToolsTests HJ_UI_ToolsTests */ = {
			isa = PBXGroup;
			children = (
				51BE16121C7C4C5C00090CC9 /* HJ_UI_Tools_HJ_UI_Tools_xcodeproj_HJ_UI_ToolsTests_HJ_UI_ToolsTests.m */,
				51BE16141C7C4C5C00090CC9 /* Info.plist */,
			);
			path = "HJ_UI_Tools HJ_UI_Tools.xcodeproj HJ_UI_ToolsTests HJ_UI_ToolsTests";
			sourceTree = "<group>";
		};
		51BE161C1C7C4C5C00090CC9 /* HJ_UI_Tools HJ_UI_Tools.xcodeproj HJ_UI_ToolsTests HJ_UI_ToolsUITests */ = {
			isa = PBXGroup;
			children = (
				51BE161D1C7C4C5C00090CC9 /* HJ_UI_Tools_HJ_UI_Tools_xcodeproj_HJ_UI_ToolsTests_HJ_UI_ToolsUITests.m */,
				51BE161F1C7C4C5C00090CC9 /* Info.plist */,
			);
			path = "HJ_UI_Tools HJ_UI_Tools.xcodeproj HJ_UI_ToolsTests HJ_UI_ToolsUITests";
			sourceTree = "<group>";
		};
/* End PBXGroup section */

/* Begin PBXNativeTarget section */
		51BE15F41C7C4C5B00090CC9 /* HJ_UI_Tools HJ_UI_Tools.xcodeproj HJ_UI_ToolsTests HJ_UI_Tools */ = {
			isa = PBXNativeTarget;
			buildConfigurationList = 51BE16221C7C4C5C00090CC9 /* Build configuration list for PBXNativeTarget "HJ_UI_Tools HJ_UI_Tools.xcodeproj HJ_UI_ToolsTests HJ_UI_Tools" */;
			buildPhases = (
				51BE15F11C7C4C5B00090CC9 /* Sources */,
				51BE15F21C7C4C5B00090CC9 /* Frameworks */,
				51BE15F31C7C4C5B00090CC9 /* Resources */,
			);
			buildRules = (
			);
			dependencies = (
			);
			name = "HJ_UI_Tools HJ_UI_Tools.xcodeproj HJ_UI_ToolsTests HJ_UI_Tools";
			productName = "HJ_UI_Tools HJ_UI_Tools.xcodeproj HJ_UI_ToolsTests HJ_UI_Tools";
			productReference = 51BE15F51C7C4C5B00090CC9 /* HJ_UI_Tools HJ_UI_Tools.xcodeproj HJ_UI_ToolsTests HJ_UI_Tools.app */;
			productType = "com.apple.product-type.application";
		};
		51BE160D1C7C4C5C00090CC9 /* HJ_UI_Tools HJ_UI_Tools.xcodeproj HJ_UI_ToolsTests HJ_UI_ToolsTests */ = {
			isa = PBXNativeTarget;
			buildConfigurationList = 51BE16251C7C4C5C00090CC9 /* Build configuration list for PBXNativeTarget "HJ_UI_Tools HJ_UI_Tools.xcodeproj HJ_UI_ToolsTests HJ_UI_ToolsTests" */;
			buildPhases = (
				51BE160A1C7C4C5C00090CC9 /* Sources */,
				51BE160B1C7C4C5C00090CC9 /* Frameworks */,
				51BE160C1C7C4C5C00090CC9 /* Resources */,
			);
			buildRules = (
			);
			dependencies = (
				51BE16101C7C4C5C00090CC9 /* PBXTargetDependency */,
			);
			name = "HJ_UI_Tools HJ_UI_Tools.xcodeproj HJ_UI_ToolsTests HJ_UI_ToolsTests";
			productName = "HJ_UI_Tools HJ_UI_Tools.xcodeproj HJ_UI_ToolsTests HJ_UI_ToolsTests";
			productReference = 51BE160E1C7C4C5C00090CC9 /* HJ_UI_Tools HJ_UI_Tools.xcodeproj HJ_UI_ToolsTests HJ_UI_ToolsTests.xctest */;
			productType = "com.apple.product-type.bundle.unit-test";
		};
		51BE16181C7C4C5C00090CC9 /* HJ_UI_Tools HJ_UI_Tools.xcodeproj HJ_UI_ToolsTests HJ_UI_ToolsUITests */ = {
			isa = PBXNativeTarget;
			buildConfigurationList = 51BE16281C7C4C5C00090CC9 /* Build configuration list for PBXNativeTarget "HJ_UI_Tools HJ_UI_Tools.xcodeproj HJ_UI_ToolsTests HJ_UI_ToolsUITests" */;
			buildPhases = (
				51BE16151C7C4C5C00090CC9 /* Sources */,
				51BE16161C7C4C5C00090CC9 /* Frameworks */,
				51BE16171C7C4C5C00090CC9 /* Resources */,
			);
			buildRules = (
			);
			dependencies = (
				51BE161B1C7C4C5C00090CC9 /* PBXTargetDependency */,
			);
			name = "HJ_UI_Tools HJ_UI_Tools.xcodeproj HJ_UI_ToolsTests HJ_UI_ToolsUITests";
			productName = "HJ_UI_Tools HJ_UI_Tools.xcodeproj HJ_UI_ToolsTests HJ_UI_ToolsUITests";
			productReference = 51BE16191C7C4C5C00090CC9 /* HJ_UI_Tools HJ_UI_Tools.xcodeproj HJ_UI_ToolsTests HJ_UI_ToolsUITests.xctest */;
			productType = "com.apple.product-type.bundle.ui-testing";
		};
/* End PBXNativeTarget section */

/* Begin PBXProject section */
		51BE15ED1C7C4C5B00090CC9 /* Project object */ = {
			isa = PBXProject;
			attributes = {
				LastUpgradeCheck = 0720;
				ORGANIZATIONNAME = "吴宏佳";
				TargetAttributes = {
					51BE15F41C7C4C5B00090CC9 = {
						CreatedOnToolsVersion = 7.2.1;
					};
					51BE160D1C7C4C5C00090CC9 = {
						CreatedOnToolsVersion = 7.2.1;
						TestTargetID = 51BE15F41C7C4C5B00090CC9;
					};
					51BE16181C7C4C5C00090CC9 = {
						CreatedOnToolsVersion = 7.2.1;
						TestTargetID = 51BE15F41C7C4C5B00090CC9;
					};
				};
			};
			buildConfigurationList = 51BE15F01C7C4C5B00090CC9 /* Build configuration list for PBXProject "HJ_UI_Tools HJ_UI_Tools.xcodeproj HJ_UI_ToolsTests HJ_UI_Tools" */;
			compatibilityVersion = "Xcode 3.2";
			developmentRegion = English;
			hasScannedForEncodings = 0;
			knownRegions = (
				en,
				Base,
			);
			mainGroup = 51BE15EC1C7C4C5B00090CC9;
			productRefGroup = 51BE15F61C7C4C5B00090CC9 /* Products */;
			projectDirPath = "";
			projectRoot = "";
			targets = (
				51BE15F41C7C4C5B00090CC9 /* HJ_UI_Tools HJ_UI_Tools.xcodeproj HJ_UI_ToolsTests HJ_UI_Tools */,
				51BE160D1C7C4C5C00090CC9 /* HJ_UI_Tools HJ_UI_Tools.xcodeproj HJ_UI_ToolsTests HJ_UI_ToolsTests */,
				51BE16181C7C4C5C00090CC9 /* HJ_UI_Tools HJ_UI_Tools.xcodeproj HJ_UI_ToolsTests HJ_UI_ToolsUITests */,
			);
		};
/* End PBXProject section */

/* Begin PBXResourcesBuildPhase section */
		51BE15F31C7C4C5B00090CC9 /* Resources */ = {
			isa = PBXResourcesBuildPhase;
			buildActionMask = 2147483647;
			files = (
				51BE16081C7C4C5B00090CC9 /* LaunchScreen.storyboard in Resources */,
				51BE16051C7C4C5B00090CC9 /* Assets.xcassets in Resources */,
				51BE16031C7C4C5B00090CC9 /* Main.storyboard in Resources */,
			);
			runOnlyForDeploymentPostprocessing = 0;
		};
		51BE160C1C7C4C5C00090CC9 /* Resources */ = {
			isa = PBXResourcesBuildPhase;
			buildActionMask = 2147483647;
			files = (
			);
			runOnlyForDeploymentPostprocessing = 0;
		};
		51BE16171C7C4C5C00090CC9 /* Resources */ = {
			isa = PBXResourcesBuildPhase;
			buildActionMask = 2147483647;
			files = (
			);
			runOnlyForDeploymentPostprocessing = 0;
		};
/* End PBXResourcesBuildPhase section */

/* Begin PBXSourcesBuildPhase section */
		51BE15F11C7C4C5B00090CC9 /* Sources */ = {
			isa = PBXSourcesBuildPhase;
			buildActionMask = 2147483647;
			files = (
				51BE16001C7C4C5B00090CC9 /* ViewController.m in Sources */,
				51BE15FD1C7C4C5B00090CC9 /* AppDelegate.m in Sources */,
				51BE15FA1C7C4C5B00090CC9 /* main.m in Sources */,
			);
			runOnlyForDeploymentPostprocessing = 0;
		};
		51BE160A1C7C4C5C00090CC9 /* Sources */ = {
			isa = PBXSourcesBuildPhase;
			buildActionMask = 2147483647;
			files = (
				51BE16131C7C4C5C00090CC9 /* HJ_UI_Tools_HJ_UI_Tools_xcodeproj_HJ_UI_ToolsTests_HJ_UI_ToolsTests.m in Sources */,
			);
			runOnlyForDeploymentPostprocessing = 0;
		};
		51BE16151C7C4C5C00090CC9 /* Sources */ = {
			isa = PBXSourcesBuildPhase;
			buildActionMask = 2147483647;
			files = (
				51BE161E1C7C4C5C00090CC9 /* HJ_UI_Tools_HJ_UI_Tools_xcodeproj_HJ_UI_ToolsTests_HJ_UI_ToolsUITests.m in Sources */,
			);
			runOnlyForDeploymentPostprocessing = 0;
		};
/* End PBXSourcesBuildPhase section */

/* Begin PBXTargetDependency section */
		51BE16101C7C4C5C00090CC9 /* PBXTargetDependency */ = {
			isa = PBXTargetDependency;
			target = 51BE15F41C7C4C5B00090CC9 /* HJ_UI_Tools HJ_UI_Tools.xcodeproj HJ_UI_ToolsTests HJ_UI_Tools */;
			targetProxy = 51BE160F1C7C4C5C00090CC9 /* PBXContainerItemProxy */;
		};
		51BE161B1C7C4C5C00090CC9 /* PBXTargetDependency */ = {
			isa = PBXTargetDependency;
			target = 51BE15F41C7C4C5B00090CC9 /* HJ_UI_Tools HJ_UI_Tools.xcodeproj HJ_UI_ToolsTests HJ_UI_Tools */;
			targetProxy = 51BE161A1C7C4C5C00090CC9 /* PBXContainerItemProxy */;
		};
/* End PBXTargetDependency section */

/* Begin PBXVariantGroup section */
		51BE16011C7C4C5B00090CC9 /* Main.storyboard */ = {
			isa = PBXVariantGroup;
			children = (
				51BE16021C7C4C5B00090CC9 /* Base */,
			);
			name = Main.storyboard;
			sourceTree = "<group>";
		};
		51BE16061C7C4C5B00090CC9 /* LaunchScreen.storyboard */ = {
			isa = PBXVariantGroup;
			children = (
				51BE16071C7C4C5B00090CC9 /* Base */,
			);
			name = LaunchScreen.storyboard;
			sourceTree = "<group>";
		};
/* End PBXVariantGroup section */

/* Begin XCBuildConfiguration section */
		51BE16201C7C4C5C00090CC9 /* Debug */ = {
			isa = XCBuildConfiguration;
			buildSettings = {
				ALWAYS_SEARCH_USER_PATHS = NO;
				CLANG_CXX_LANGUAGE_STANDARD = "gnu++0x";
				CLANG_CXX_LIBRARY = "libc++";
				CLANG_ENABLE_MODULES = YES;
				CLANG_ENABLE_OBJC_ARC = YES;
				CLANG_WARN_BOOL_CONVERSION = YES;
				CLANG_WARN_CONSTANT_CONVERSION = YES;
				CLANG_WARN_DIRECT_OBJC_ISA_USAGE = YES_ERROR;
				CLANG_WARN_EMPTY_BODY = YES;
				CLANG_WARN_ENUM_CONVERSION = YES;
				CLANG_WARN_INT_CONVERSION = YES;
				CLANG_WARN_OBJC_ROOT_CLASS = YES_ERROR;
				CLANG_WARN_UNREACHABLE_CODE = YES;
				CLANG_WARN__DUPLICATE_METHOD_MATCH = YES;
				"CODE_SIGN_IDENTITY[sdk=iphoneos*]" = "iPhone Developer";
				COPY_PHASE_STRIP = NO;
				DEBUG_INFORMATION_FORMAT = dwarf;
				ENABLE_STRICT_OBJC_MSGSEND = YES;
				ENABLE_TESTABILITY = YES;
				GCC_C_LANGUAGE_STANDARD = gnu99;
				GCC_DYNAMIC_NO_PIC = NO;
				GCC_NO_COMMON_BLOCKS = YES;
				GCC_OPTIMIZATION_LEVEL = 0;
				GCC_PREPROCESSOR_DEFINITIONS = (
					"DEBUG=1",
					"$(inherited)",
				);
				GCC_WARN_64_TO_32_BIT_CONVERSION = YES;
				GCC_WARN_ABOUT_RETURN_TYPE = YES_ERROR;
				GCC_WARN_UNDECLARED_SELECTOR = YES;
				GCC_WARN_UNINITIALIZED_AUTOS = YES_AGGRESSIVE;
				GCC_WARN_UNUSED_FUNCTION = YES;
				GCC_WARN_UNUSED_VARIABLE = YES;
				IPHONEOS_DEPLOYMENT_TARGET = 9.2;
				MTL_ENABLE_DEBUG_INFO = YES;
				ONLY_ACTIVE_ARCH = YES;
				SDKROOT = iphoneos;
				TARGETED_DEVICE_FAMILY = "1,2";
			};
			name = Debug;
		};
		51BE16211C7C4C5C00090CC9 /* Release */ = {
			isa = XCBuildConfiguration;
			buildSettings = {
				ALWAYS_SEARCH_USER_PATHS = NO;
				CLANG_CXX_LANGUAGE_STANDARD = "gnu++0x";
				CLANG_CXX_LIBRARY = "libc++";
				CLANG_ENABLE_MODULES = YES;
				CLANG_ENABLE_OBJC_ARC = YES;
				CLANG_WARN_BOOL_CONVERSION = YES;
				CLANG_WARN_CONSTANT_CONVERSION = YES;
				CLANG_WARN_DIRECT_OBJC_ISA_USAGE = YES_ERROR;
				CLANG_WARN_EMPTY_BODY = YES;
				CLANG_WARN_ENUM_CONVERSION = YES;
				CLANG_WARN_INT_CONVERSION = YES;
				CLANG_WARN_OBJC_ROOT_CLASS = YES_ERROR;
				CLANG_WARN_UNREACHABLE_CODE = YES;
				CLANG_WARN__DUPLICATE_METHOD_MATCH = YES;
				"CODE_SIGN_IDENTITY[sdk=iphoneos*]" = "iPhone Developer";
				COPY_PHASE_STRIP = NO;
				DEBUG_INFORMATION_FORMAT = "dwarf-with-dsym";
				ENABLE_NS_ASSERTIONS = NO;
				ENABLE_STRICT_OBJC_MSGSEND = YES;
				GCC_C_LANGUAGE_STANDARD = gnu99;
				GCC_NO_COMMON_BLOCKS = YES;
				GCC_WARN_64_TO_32_BIT_CONVERSION = YES;
				GCC_WARN_ABOUT_RETURN_TYPE = YES_ERROR;
				GCC_WARN_UNDECLARED_SELECTOR = YES;
				GCC_WARN_UNINITIALIZED_AUTOS = YES_AGGRESSIVE;
				GCC_WARN_UNUSED_FUNCTION = YES;
				GCC_WARN_UNUSED_VARIABLE = YES;
				IPHONEOS_DEPLOYMENT_TARGET = 9.2;
				MTL_ENABLE_DEBUG_INFO = NO;
				SDKROOT = iphoneos;
				TARGETED_DEVICE_FAMILY = "1,2";
				VALIDATE_PRODUCT = YES;
			};
			name = Release;
		};
		51BE16231C7C4C5C00090CC9 /* Debug */ = {
			isa = XCBuildConfiguration;
			buildSettings = {
				ASSETCATALOG_COMPILER_APPICON_NAME = AppIcon;
				INFOPLIST_FILE = "HJ_UI_Tools HJ_UI_Tools.xcodeproj HJ_UI_ToolsTests HJ_UI_Tools/Info.plist";
				LD_RUNPATH_SEARCH_PATHS = "$(inherited) @executable_path/Frameworks";
				PRODUCT_BUNDLE_IDENTIFIER = "com.whirlie.HJ-UI-Tools-HJ-UI-Tools-xcodeproj-HJ-UI-ToolsTests-HJ-UI-Tools";
				PRODUCT_NAME = "$(TARGET_NAME)";
			};
			name = Debug;
		};
		51BE16241C7C4C5C00090CC9 /* Release */ = {
			isa = XCBuildConfiguration;
			buildSettings = {
				ASSETCATALOG_COMPILER_APPICON_NAME = AppIcon;
				INFOPLIST_FILE = "HJ_UI_Tools HJ_UI_Tools.xcodeproj HJ_UI_ToolsTests HJ_UI_Tools/Info.plist";
				LD_RUNPATH_SEARCH_PATHS = "$(inherited) @executable_path/Frameworks";
				PRODUCT_BUNDLE_IDENTIFIER = "com.whirlie.HJ-UI-Tools-HJ-UI-Tools-xcodeproj-HJ-UI-ToolsTests-HJ-UI-Tools";
				PRODUCT_NAME = "$(TARGET_NAME)";
			};
			name = Release;
		};
		51BE16261C7C4C5C00090CC9 /* Debug */ = {
			isa = XCBuildConfiguration;
			buildSettings = {
				BUNDLE_LOADER = "$(TEST_HOST)";
				INFOPLIST_FILE = "HJ_UI_Tools HJ_UI_Tools.xcodeproj HJ_UI_ToolsTests HJ_UI_ToolsTests/Info.plist";
				LD_RUNPATH_SEARCH_PATHS = "$(inherited) @executable_path/Frameworks @loader_path/Frameworks";
				PRODUCT_BUNDLE_IDENTIFIER = "com.whirlie.HJ-UI-Tools-HJ-UI-Tools-xcodeproj-HJ-UI-ToolsTests-HJ-UI-ToolsTests";
				PRODUCT_NAME = "$(TARGET_NAME)";
				TEST_HOST = "$(BUILT_PRODUCTS_DIR)/HJ_UI_Tools HJ_UI_Tools.xcodeproj HJ_UI_ToolsTests HJ_UI_Tools.app/HJ_UI_Tools HJ_UI_Tools.xcodeproj HJ_UI_ToolsTests HJ_UI_Tools";
			};
			name = Debug;
		};
		51BE16271C7C4C5C00090CC9 /* Release */ = {
			isa = XCBuildConfiguration;
			buildSettings = {
				BUNDLE_LOADER = "$(TEST_HOST)";
				INFOPLIST_FILE = "HJ_UI_Tools HJ_UI_Tools.xcodeproj HJ_UI_ToolsTests HJ_UI_ToolsTests/Info.plist";
				LD_RUNPATH_SEARCH_PATHS = "$(inherited) @executable_path/Frameworks @loader_path/Frameworks";
				PRODUCT_BUNDLE_IDENTIFIER = "com.whirlie.HJ-UI-Tools-HJ-UI-Tools-xcodeproj-HJ-UI-ToolsTests-HJ-UI-ToolsTests";
				PRODUCT_NAME = "$(TARGET_NAME)";
				TEST_HOST = "$(BUILT_PRODUCTS_DIR)/HJ_UI_Tools HJ_UI_Tools.xcodeproj HJ_UI_ToolsTests HJ_UI_Tools.app/HJ_UI_Tools HJ_UI_Tools.xcodeproj HJ_UI_ToolsTests HJ_UI_Tools";
			};
			name = Release;
		};
		51BE16291C7C4C5C00090CC9 /* Debug */ = {
			isa = XCBuildConfiguration;
			buildSettings = {
				INFOPLIST_FILE = "HJ_UI_Tools HJ_UI_Tools.xcodeproj HJ_UI_ToolsTests HJ_UI_ToolsUITests/Info.plist";
				LD_RUNPATH_SEARCH_PATHS = "$(inherited) @executable_path/Frameworks @loader_path/Frameworks";
				PRODUCT_BUNDLE_IDENTIFIER = "com.whirlie.HJ-UI-Tools-HJ-UI-Tools-xcodeproj-HJ-UI-ToolsTests-HJ-UI-ToolsUITests";
				PRODUCT_NAME = "$(TARGET_NAME)";
				TEST_TARGET_NAME = "HJ_UI_Tools HJ_UI_Tools.xcodeproj HJ_UI_ToolsTests HJ_UI_Tools";
				USES_XCTRUNNER = YES;
			};
			name = Debug;
		};
		51BE162A1C7C4C5C00090CC9 /* Release */ = {
			isa = XCBuildConfiguration;
			buildSettings = {
				INFOPLIST_FILE = "HJ_UI_Tools HJ_UI_Tools.xcodeproj HJ_UI_ToolsTests HJ_UI_ToolsUITests/Info.plist";
				LD_RUNPATH_SEARCH_PATHS = "$(inherited) @executable_path/Frameworks @loader_path/Frameworks";
				PRODUCT_BUNDLE_IDENTIFIER = "com.whirlie.HJ-UI-Tools-HJ-UI-Tools-xcodeproj-HJ-UI-ToolsTests-HJ-UI-ToolsUITests";
				PRODUCT_NAME = "$(TARGET_NAME)";
				TEST_TARGET_NAME = "HJ_UI_Tools HJ_UI_Tools.xcodeproj HJ_UI_ToolsTests HJ_UI_Tools";
				USES_XCTRUNNER = YES;
			};
			name = Release;
		};
/* End XCBuildConfiguration section */

/* Begin XCConfigurationList section */
		51BE15F01C7C4C5B00090CC9 /* Build configuration list for PBXProject "HJ_UI_Tools HJ_UI_Tools.xcodeproj HJ_UI_ToolsTests HJ_UI_Tools" */ = {
			isa = XCConfigurationList;
			buildConfigurations = (
				51BE16201C7C4C5C00090CC9 /* Debug */,
				51BE16211C7C4C5C00090CC9 /* Release */,
			);
			defaultConfigurationIsVisible = 0;
			defaultConfigurationName = Release;
		};
		51BE16221C7C4C5C00090CC9 /* Build configuration list for PBXNativeTarget "HJ_UI_Tools HJ_UI_Tools.xcodeproj HJ_UI_ToolsTests HJ_UI_Tools" */ = {
			isa = XCConfigurationList;
			buildConfigurations = (
				51BE16231C7C4C5C00090CC9 /* Debug */,
				51BE16241C7C4C5C00090CC9 /* Release */,
			);
			defaultConfigurationIsVisible = 0;
		};
		51BE16251C7C4C5C00090CC9 /* Build configuration list for PBXNativeTarget "HJ_UI_Tools HJ_UI_Tools.xcodeproj HJ_UI_ToolsTests HJ_UI_ToolsTests" */ = {
			isa = XCConfigurationList;
			buildConfigurations = (
				51BE16261C7C4C5C00090CC9 /* Debug */,
				51BE16271C7C4C5C00090CC9 /* Release */,
			);
			defaultConfigurationIsVisible = 0;
		};
		51BE16281C7C4C5C00090CC9 /* Build configuration list for PBXNativeTarget "HJ_UI_Tools HJ_UI_Tools.xcodeproj HJ_UI_ToolsTests HJ_UI_ToolsUITests" */ = {
			isa = XCConfigurationList;
			buildConfigurations = (
				51BE16291C7C4C5C00090CC9 /* Debug */,
				51BE162A1C7C4C5C00090CC9 /* Release */,
			);
			defaultConfigurationIsVisible = 0;
		};
/* End XCConfigurationList section */
	};
	rootObject = 51BE15ED1C7C4C5B00090CC9 /* Project object */;
}
